// !$*UTF8*$!
{
	archiveVersion = 1;
	classes = {
	};
	objectVersion = 50;
	objects = {

/* Begin PBXBuildFile section */
		74048369220919B8002B67BD /* Deck2DViewController.swift in Sources */ = {isa = PBXBuildFile; fileRef = 74048368220919B8002B67BD /* Deck2DViewController.swift */; };
		740FD03621B5FCB400C34FF8 /* ModuleJobInstance.swift in Sources */ = {isa = PBXBuildFile; fileRef = 740FD03521B5FCB400C34FF8 /* ModuleJobInstance.swift */; };
		7415561E21BB3CBC009EA087 /* MovementComponentProtocol.swift in Sources */ = {isa = PBXBuildFile; fileRef = 7415561D21BB3CBC009EA087 /* MovementComponentProtocol.swift */; };
		7415562021BC6CC3009EA087 /* GKGridGraph3D.swift in Sources */ = {isa = PBXBuildFile; fileRef = 7415561F21BC6CC3009EA087 /* GKGridGraph3D.swift */; };
		7415562421BC818C009EA087 /* SceneController.swift in Sources */ = {isa = PBXBuildFile; fileRef = 7415562321BC818B009EA087 /* SceneController.swift */; };
		7415562621BC9F9A009EA087 /* TimeIntervalExtension.swift in Sources */ = {isa = PBXBuildFile; fileRef = 7415562521BC9F9A009EA087 /* TimeIntervalExtension.swift */; };
		7426BF0E225430F600E3BED4 /* ModuleEntityNodeComponent2D.swift in Sources */ = {isa = PBXBuildFile; fileRef = 7426BF0D225430F600E3BED4 /* ModuleEntityNodeComponent2D.swift */; };
		7426BF102254356300E3BED4 /* DeckTextureNodeComponent2D.swift in Sources */ = {isa = PBXBuildFile; fileRef = 7426BF0F2254356300E3BED4 /* DeckTextureNodeComponent2D.swift */; };
		742C3640219A4CAC007FA1B5 /* BaseDeck2DScene.swift in Sources */ = {isa = PBXBuildFile; fileRef = 742C363F219A4CAC007FA1B5 /* BaseDeck2DScene.swift */; };
		742C3643219A4D87007FA1B5 /* CrewmanEntity.swift in Sources */ = {isa = PBXBuildFile; fileRef = 742C3642219A4D87007FA1B5 /* CrewmanEntity.swift */; };
		742C3646219A4DE2007FA1B5 /* MovementComponent2D.swift in Sources */ = {isa = PBXBuildFile; fileRef = 742C3645219A4DE2007FA1B5 /* MovementComponent2D.swift */; };
		742C364A219A6258007FA1B5 /* ModuleEntity.swift in Sources */ = {isa = PBXBuildFile; fileRef = 742C3649219A6258007FA1B5 /* ModuleEntity.swift */; };
		743152C8219CE50100E3101F /* CrewmanInstance.swift in Sources */ = {isa = PBXBuildFile; fileRef = 743152C7219CE50100E3101F /* CrewmanInstance.swift */; };
		743152CA219CE58000E3101F /* CrewmanNeed.swift in Sources */ = {isa = PBXBuildFile; fileRef = 743152C9219CE58000E3101F /* CrewmanNeed.swift */; };
		743152CC219CE67100E3101F /* ModuleJobBlueprint.swift in Sources */ = {isa = PBXBuildFile; fileRef = 743152CB219CE67100E3101F /* ModuleJobBlueprint.swift */; };
		743152CE219CE6AA00E3101F /* Action.swift in Sources */ = {isa = PBXBuildFile; fileRef = 743152CD219CE6AA00E3101F /* Action.swift */; };
		743152D2219CE80E00E3101F /* ModuleNeedBlueprint.swift in Sources */ = {isa = PBXBuildFile; fileRef = 743152D1219CE80E00E3101F /* ModuleNeedBlueprint.swift */; };
		743152D4219CF43D00E3101F /* CDPoint2.swift in Sources */ = {isa = PBXBuildFile; fileRef = 743152D3219CF43D00E3101F /* CDPoint2.swift */; };
		74315D112280FAE300BA6058 /* Configuration.swift in Sources */ = {isa = PBXBuildFile; fileRef = 74315D102280FAE300BA6058 /* Configuration.swift */; };
		74347BCC2252DBCB000E53E7 /* ZAccessOverlayNode.swift in Sources */ = {isa = PBXBuildFile; fileRef = 74347BCB2252DBCB000E53E7 /* ZAccessOverlayNode.swift */; };
		743D00362218CEED00AEA5DE /* SKSceneExtension.swift in Sources */ = {isa = PBXBuildFile; fileRef = 743D00352218CEED00AEA5DE /* SKSceneExtension.swift */; };
		743D00382218D56C00AEA5DE /* SKNode.swift in Sources */ = {isa = PBXBuildFile; fileRef = 743D00372218D56C00AEA5DE /* SKNode.swift */; };
		74405C72218E438200BA3A69 /* DeckInstance.swift in Sources */ = {isa = PBXBuildFile; fileRef = 74405C71218E438100BA3A69 /* DeckInstance.swift */; };
		74405C74218E44E100BA3A69 /* ModuleInstance.swift in Sources */ = {isa = PBXBuildFile; fileRef = 74405C73218E44E100BA3A69 /* ModuleInstance.swift */; };
		74405C76218E476800BA3A69 /* IdentifiableEntity.swift in Sources */ = {isa = PBXBuildFile; fileRef = 74405C75218E476800BA3A69 /* IdentifiableEntity.swift */; };
		74405C78218E4EF100BA3A69 /* DeckBlueprint.swift in Sources */ = {isa = PBXBuildFile; fileRef = 74405C77218E4EF100BA3A69 /* DeckBlueprint.swift */; };
		74405C7A218E4F9B00BA3A69 /* ShipBlueprint.swift in Sources */ = {isa = PBXBuildFile; fileRef = 74405C79218E4F9B00BA3A69 /* ShipBlueprint.swift */; };
		74405C7C218E516D00BA3A69 /* ShipInstance.swift in Sources */ = {isa = PBXBuildFile; fileRef = 74405C7B218E516D00BA3A69 /* ShipInstance.swift */; };
		74405C7E218E57C300BA3A69 /* ModulePlacement.swift in Sources */ = {isa = PBXBuildFile; fileRef = 74405C7D218E57C300BA3A69 /* ModulePlacement.swift */; };
		74612C5121FCE79D00006E15 /* GridRect.swift in Sources */ = {isa = PBXBuildFile; fileRef = 74612C5021FCE79D00006E15 /* GridRect.swift */; };
		74612C5521FCE9FD00006E15 /* ModuleEntrance.swift in Sources */ = {isa = PBXBuildFile; fileRef = 74612C5421FCE9FD00006E15 /* ModuleEntrance.swift */; };
		74612C5921FCF2D500006E15 /* ModuleAttribute.swift in Sources */ = {isa = PBXBuildFile; fileRef = 74612C5821FCF2D500006E15 /* ModuleAttribute.swift */; };
		74612C5B21FCFB9C00006E15 /* ModuleEntrance3D.swift in Sources */ = {isa = PBXBuildFile; fileRef = 74612C5A21FCFB9C00006E15 /* ModuleEntrance3D.swift */; };
		7471650D21AE0D2500F5AA48 /* ShipEntity.swift in Sources */ = {isa = PBXBuildFile; fileRef = 7471650C21AE0D2500F5AA48 /* ShipEntity.swift */; };
		7471650F21AE0E1400F5AA48 /* DeckEntity.swift in Sources */ = {isa = PBXBuildFile; fileRef = 7471650E21AE0E1400F5AA48 /* DeckEntity.swift */; };
		748AE3262217A2E5000015E5 /* GridPoint2.swift in Sources */ = {isa = PBXBuildFile; fileRef = 748AE3252217A2E5000015E5 /* GridPoint2.swift */; };
		748C49D921E6CBCB004019D4 /* GridPoint.swift in Sources */ = {isa = PBXBuildFile; fileRef = 748C49D821E6CBCB004019D4 /* GridPoint.swift */; };
		748C49DB21E6CCE0004019D4 /* GridPoint3.swift in Sources */ = {isa = PBXBuildFile; fileRef = 748C49DA21E6CCE0004019D4 /* GridPoint3.swift */; };
		749573B5226E80C000F3F176 /* CrewmanJobTask.swift in Sources */ = {isa = PBXBuildFile; fileRef = 749573B4226E80C000F3F176 /* CrewmanJobTask.swift */; };
		749652FA2256DB5200D6FDA5 /* DeckSimulationViewController.swift in Sources */ = {isa = PBXBuildFile; fileRef = 749652F92256DB5200D6FDA5 /* DeckSimulationViewController.swift */; };
		749652FD2256DC0100D6FDA5 /* Deck2DSimulationScene.swift in Sources */ = {isa = PBXBuildFile; fileRef = 749652FC2256DC0100D6FDA5 /* Deck2DSimulationScene.swift */; };
		749CB13D2177E7F800949734 /* AppDelegate.swift in Sources */ = {isa = PBXBuildFile; fileRef = 749CB13C2177E7F800949734 /* AppDelegate.swift */; };
		749CB13F2177E7F800949734 /* art.scnassets in Resources */ = {isa = PBXBuildFile; fileRef = 749CB13E2177E7F800949734 /* art.scnassets */; };
		749CB1412177E7F800949734 /* GameViewController.swift in Sources */ = {isa = PBXBuildFile; fileRef = 749CB1402177E7F800949734 /* GameViewController.swift */; };
		749CB1462177E7F900949734 /* Assets.xcassets in Resources */ = {isa = PBXBuildFile; fileRef = 749CB1452177E7F900949734 /* Assets.xcassets */; };
		749CB1492177E7F900949734 /* LaunchScreen.storyboard in Resources */ = {isa = PBXBuildFile; fileRef = 749CB1472177E7F900949734 /* LaunchScreen.storyboard */; };
		749CB1572177F30B00949734 /* Vector2Extensions.swift in Sources */ = {isa = PBXBuildFile; fileRef = 749CB1562177F30B00949734 /* Vector2Extensions.swift */; };
		749CB1592177F8C400949734 /* DeckEditingViewController.swift in Sources */ = {isa = PBXBuildFile; fileRef = 749CB1582177F8C400949734 /* DeckEditingViewController.swift */; };
		74B45384222DF29F00C833E1 /* SlidingMenuToolbarViewController.swift in Sources */ = {isa = PBXBuildFile; fileRef = 74B45383222DF29F00C833E1 /* SlidingMenuToolbarViewController.swift */; };
		74B45386222DF3FA00C833E1 /* SlidingMenuToolbarCell.swift in Sources */ = {isa = PBXBuildFile; fileRef = 74B45385222DF3FA00C833E1 /* SlidingMenuToolbarCell.swift */; };
		74B97DD421B9FC23009973A3 /* CDPoint3.swift in Sources */ = {isa = PBXBuildFile; fileRef = 74B97DD321B9FC23009973A3 /* CDPoint3.swift */; };
		74BA5CE52183CB640039A2D5 /* NSPersistentContainerExtension.swift in Sources */ = {isa = PBXBuildFile; fileRef = 74BA5CE42183CB640039A2D5 /* NSPersistentContainerExtension.swift */; };
		74BA5CE82183CD0D0039A2D5 /* Model.xcdatamodeld in Sources */ = {isa = PBXBuildFile; fileRef = 74BA5CE62183CD0D0039A2D5 /* Model.xcdatamodeld */; };
		74BA5CEA2183D1610039A2D5 /* DataSeeder.swift in Sources */ = {isa = PBXBuildFile; fileRef = 74BA5CE92183D1610039A2D5 /* DataSeeder.swift */; };
		74BA5CEF2183D4A50039A2D5 /* ModuleBlueprint.swift in Sources */ = {isa = PBXBuildFile; fileRef = 74BA5CEE2183D4A50039A2D5 /* ModuleBlueprint.swift */; };
		74BA5CF721867F190039A2D5 /* ModuleListViewController.swift in Sources */ = {isa = PBXBuildFile; fileRef = 74BA5CF621867F190039A2D5 /* ModuleListViewController.swift */; };
		74BC2B64225955E4002878A8 /* ShipSceneController.swift in Sources */ = {isa = PBXBuildFile; fileRef = 74BC2B63225955E4002878A8 /* ShipSceneController.swift */; };
		74BC2B87225ACF0C002878A8 /* CrewmanTask.swift in Sources */ = {isa = PBXBuildFile; fileRef = 74BC2B86225ACF0C002878A8 /* CrewmanTask.swift */; };
		74BC2B89225AD068002878A8 /* CrewmanNeedTask.swift in Sources */ = {isa = PBXBuildFile; fileRef = 74BC2B88225AD068002878A8 /* CrewmanNeedTask.swift */; };
		74BDA04221926F950034DD20 /* CGRectExtensions.swift in Sources */ = {isa = PBXBuildFile; fileRef = 74BDA04121926F950034DD20 /* CGRectExtensions.swift */; };
		74BDA0442192778E0034DD20 /* CGPointExtensions.swift in Sources */ = {isa = PBXBuildFile; fileRef = 74BDA0432192778E0034DD20 /* CGPointExtensions.swift */; };
		74EE317F21BF2B3E00D4A5FC /* StatsProvider.swift in Sources */ = {isa = PBXBuildFile; fileRef = 74EE317E21BF2B3E00D4A5FC /* StatsProvider.swift */; };
		74EE318121BF2D1900D4A5FC /* StatReportingEntity.swift in Sources */ = {isa = PBXBuildFile; fileRef = 74EE318021BF2D1900D4A5FC /* StatReportingEntity.swift */; };
		74FC7A1521B0C856001B4E83 /* float3Extensions.swift in Sources */ = {isa = PBXBuildFile; fileRef = 74FC7A1421B0C856001B4E83 /* float3Extensions.swift */; };
		7727E3B9B88D48C6BC60CABE /* Pods_Carrier_Game.framework in Frameworks */ = {isa = PBXBuildFile; fileRef = C1D105AD9CFC12333219AEE4 /* Pods_Carrier_Game.framework */; };
/* End PBXBuildFile section */

/* Begin PBXFileReference section */
		5E91DE9759731EDC5892EA1A /* Pods-Carrier Game.release.xcconfig */ = {isa = PBXFileReference; includeInIndex = 1; lastKnownFileType = text.xcconfig; name = "Pods-Carrier Game.release.xcconfig"; path = "Pods/Target Support Files/Pods-Carrier Game/Pods-Carrier Game.release.xcconfig"; sourceTree = "<group>"; };
		74048368220919B8002B67BD /* Deck2DViewController.swift */ = {isa = PBXFileReference; lastKnownFileType = sourcecode.swift; path = Deck2DViewController.swift; sourceTree = "<group>"; };
		740FD03521B5FCB400C34FF8 /* ModuleJobInstance.swift */ = {isa = PBXFileReference; lastKnownFileType = sourcecode.swift; path = ModuleJobInstance.swift; sourceTree = "<group>"; };
		7415561D21BB3CBC009EA087 /* MovementComponentProtocol.swift */ = {isa = PBXFileReference; lastKnownFileType = sourcecode.swift; path = MovementComponentProtocol.swift; sourceTree = "<group>"; };
		7415561F21BC6CC3009EA087 /* GKGridGraph3D.swift */ = {isa = PBXFileReference; lastKnownFileType = sourcecode.swift; path = GKGridGraph3D.swift; sourceTree = "<group>"; };
		7415562321BC818B009EA087 /* SceneController.swift */ = {isa = PBXFileReference; lastKnownFileType = sourcecode.swift; path = SceneController.swift; sourceTree = "<group>"; };
		7415562521BC9F9A009EA087 /* TimeIntervalExtension.swift */ = {isa = PBXFileReference; lastKnownFileType = sourcecode.swift; path = TimeIntervalExtension.swift; sourceTree = "<group>"; };
		7426BF0D225430F600E3BED4 /* ModuleEntityNodeComponent2D.swift */ = {isa = PBXFileReference; lastKnownFileType = sourcecode.swift; name = ModuleEntityNodeComponent2D.swift; path = "Carrier Game/Components/ModuleEntityNodeComponent2D.swift"; sourceTree = SOURCE_ROOT; };
		7426BF0F2254356300E3BED4 /* DeckTextureNodeComponent2D.swift */ = {isa = PBXFileReference; lastKnownFileType = sourcecode.swift; path = DeckTextureNodeComponent2D.swift; sourceTree = "<group>"; };
		742C363F219A4CAC007FA1B5 /* BaseDeck2DScene.swift */ = {isa = PBXFileReference; lastKnownFileType = sourcecode.swift; path = BaseDeck2DScene.swift; sourceTree = "<group>"; };
		742C3642219A4D87007FA1B5 /* CrewmanEntity.swift */ = {isa = PBXFileReference; lastKnownFileType = sourcecode.swift; path = CrewmanEntity.swift; sourceTree = "<group>"; };
		742C3645219A4DE2007FA1B5 /* MovementComponent2D.swift */ = {isa = PBXFileReference; lastKnownFileType = sourcecode.swift; path = MovementComponent2D.swift; sourceTree = "<group>"; };
		742C3649219A6258007FA1B5 /* ModuleEntity.swift */ = {isa = PBXFileReference; lastKnownFileType = sourcecode.swift; path = ModuleEntity.swift; sourceTree = "<group>"; };
		743152C7219CE50100E3101F /* CrewmanInstance.swift */ = {isa = PBXFileReference; lastKnownFileType = sourcecode.swift; path = CrewmanInstance.swift; sourceTree = "<group>"; };
		743152C9219CE58000E3101F /* CrewmanNeed.swift */ = {isa = PBXFileReference; lastKnownFileType = sourcecode.swift; path = CrewmanNeed.swift; sourceTree = "<group>"; };
		743152CB219CE67100E3101F /* ModuleJobBlueprint.swift */ = {isa = PBXFileReference; lastKnownFileType = sourcecode.swift; path = ModuleJobBlueprint.swift; sourceTree = "<group>"; };
		743152CD219CE6AA00E3101F /* Action.swift */ = {isa = PBXFileReference; lastKnownFileType = sourcecode.swift; path = Action.swift; sourceTree = "<group>"; };
		743152D1219CE80E00E3101F /* ModuleNeedBlueprint.swift */ = {isa = PBXFileReference; lastKnownFileType = sourcecode.swift; path = ModuleNeedBlueprint.swift; sourceTree = "<group>"; };
		743152D3219CF43D00E3101F /* CDPoint2.swift */ = {isa = PBXFileReference; lastKnownFileType = sourcecode.swift; path = CDPoint2.swift; sourceTree = "<group>"; };
		74315D102280FAE300BA6058 /* Configuration.swift */ = {isa = PBXFileReference; lastKnownFileType = sourcecode.swift; path = Configuration.swift; sourceTree = "<group>"; };
		74347BCB2252DBCB000E53E7 /* ZAccessOverlayNode.swift */ = {isa = PBXFileReference; lastKnownFileType = sourcecode.swift; path = ZAccessOverlayNode.swift; sourceTree = "<group>"; };
		743D00352218CEED00AEA5DE /* SKSceneExtension.swift */ = {isa = PBXFileReference; lastKnownFileType = sourcecode.swift; path = SKSceneExtension.swift; sourceTree = "<group>"; };
		743D00372218D56C00AEA5DE /* SKNode.swift */ = {isa = PBXFileReference; lastKnownFileType = sourcecode.swift; path = SKNode.swift; sourceTree = "<group>"; };
		74405C71218E438100BA3A69 /* DeckInstance.swift */ = {isa = PBXFileReference; lastKnownFileType = sourcecode.swift; path = DeckInstance.swift; sourceTree = "<group>"; };
		74405C73218E44E100BA3A69 /* ModuleInstance.swift */ = {isa = PBXFileReference; lastKnownFileType = sourcecode.swift; path = ModuleInstance.swift; sourceTree = "<group>"; };
		74405C75218E476800BA3A69 /* IdentifiableEntity.swift */ = {isa = PBXFileReference; lastKnownFileType = sourcecode.swift; path = IdentifiableEntity.swift; sourceTree = "<group>"; };
		74405C77218E4EF100BA3A69 /* DeckBlueprint.swift */ = {isa = PBXFileReference; lastKnownFileType = sourcecode.swift; path = DeckBlueprint.swift; sourceTree = "<group>"; };
		74405C79218E4F9B00BA3A69 /* ShipBlueprint.swift */ = {isa = PBXFileReference; lastKnownFileType = sourcecode.swift; path = ShipBlueprint.swift; sourceTree = "<group>"; };
		74405C7B218E516D00BA3A69 /* ShipInstance.swift */ = {isa = PBXFileReference; lastKnownFileType = sourcecode.swift; path = ShipInstance.swift; sourceTree = "<group>"; };
		74405C7D218E57C300BA3A69 /* ModulePlacement.swift */ = {isa = PBXFileReference; lastKnownFileType = sourcecode.swift; path = ModulePlacement.swift; sourceTree = "<group>"; };
		74612C5021FCE79D00006E15 /* GridRect.swift */ = {isa = PBXFileReference; lastKnownFileType = sourcecode.swift; path = GridRect.swift; sourceTree = "<group>"; };
		74612C5421FCE9FD00006E15 /* ModuleEntrance.swift */ = {isa = PBXFileReference; lastKnownFileType = sourcecode.swift; path = ModuleEntrance.swift; sourceTree = "<group>"; };
		74612C5821FCF2D500006E15 /* ModuleAttribute.swift */ = {isa = PBXFileReference; lastKnownFileType = sourcecode.swift; path = ModuleAttribute.swift; sourceTree = "<group>"; };
		74612C5A21FCFB9C00006E15 /* ModuleEntrance3D.swift */ = {isa = PBXFileReference; lastKnownFileType = sourcecode.swift; path = ModuleEntrance3D.swift; sourceTree = "<group>"; };
		7471650C21AE0D2500F5AA48 /* ShipEntity.swift */ = {isa = PBXFileReference; lastKnownFileType = sourcecode.swift; path = ShipEntity.swift; sourceTree = "<group>"; };
		7471650E21AE0E1400F5AA48 /* DeckEntity.swift */ = {isa = PBXFileReference; lastKnownFileType = sourcecode.swift; path = DeckEntity.swift; sourceTree = "<group>"; };
		748AE3252217A2E5000015E5 /* GridPoint2.swift */ = {isa = PBXFileReference; lastKnownFileType = sourcecode.swift; path = GridPoint2.swift; sourceTree = "<group>"; };
		748C49D821E6CBCB004019D4 /* GridPoint.swift */ = {isa = PBXFileReference; lastKnownFileType = sourcecode.swift; path = GridPoint.swift; sourceTree = "<group>"; };
		748C49DA21E6CCE0004019D4 /* GridPoint3.swift */ = {isa = PBXFileReference; lastKnownFileType = sourcecode.swift; path = GridPoint3.swift; sourceTree = "<group>"; };
		749573B4226E80C000F3F176 /* CrewmanJobTask.swift */ = {isa = PBXFileReference; lastKnownFileType = sourcecode.swift; path = CrewmanJobTask.swift; sourceTree = "<group>"; };
		749652F92256DB5200D6FDA5 /* DeckSimulationViewController.swift */ = {isa = PBXFileReference; lastKnownFileType = sourcecode.swift; path = DeckSimulationViewController.swift; sourceTree = "<group>"; };
		749652FC2256DC0100D6FDA5 /* Deck2DSimulationScene.swift */ = {isa = PBXFileReference; lastKnownFileType = sourcecode.swift; path = Deck2DSimulationScene.swift; sourceTree = "<group>"; };
		749CB1392177E7F800949734 /* Carrier Game.app */ = {isa = PBXFileReference; explicitFileType = wrapper.application; includeInIndex = 0; path = "Carrier Game.app"; sourceTree = BUILT_PRODUCTS_DIR; };
		749CB13C2177E7F800949734 /* AppDelegate.swift */ = {isa = PBXFileReference; lastKnownFileType = sourcecode.swift; path = AppDelegate.swift; sourceTree = "<group>"; };
		749CB13E2177E7F800949734 /* art.scnassets */ = {isa = PBXFileReference; lastKnownFileType = wrapper.scnassets; path = art.scnassets; sourceTree = "<group>"; };
		749CB1402177E7F800949734 /* GameViewController.swift */ = {isa = PBXFileReference; lastKnownFileType = sourcecode.swift; path = GameViewController.swift; sourceTree = "<group>"; };
		749CB1452177E7F900949734 /* Assets.xcassets */ = {isa = PBXFileReference; lastKnownFileType = folder.assetcatalog; path = Assets.xcassets; sourceTree = "<group>"; };
		749CB1482177E7F900949734 /* Base */ = {isa = PBXFileReference; lastKnownFileType = file.storyboard; name = Base; path = Base.lproj/LaunchScreen.storyboard; sourceTree = "<group>"; };
		749CB14A2177E7F900949734 /* Info.plist */ = {isa = PBXFileReference; lastKnownFileType = text.plist.xml; path = Info.plist; sourceTree = "<group>"; };
		749CB1562177F30B00949734 /* Vector2Extensions.swift */ = {isa = PBXFileReference; lastKnownFileType = sourcecode.swift; path = Vector2Extensions.swift; sourceTree = "<group>"; };
		749CB1582177F8C400949734 /* DeckEditingViewController.swift */ = {isa = PBXFileReference; lastKnownFileType = sourcecode.swift; path = DeckEditingViewController.swift; sourceTree = "<group>"; };
		74B45383222DF29F00C833E1 /* SlidingMenuToolbarViewController.swift */ = {isa = PBXFileReference; lastKnownFileType = sourcecode.swift; path = SlidingMenuToolbarViewController.swift; sourceTree = "<group>"; };
		74B45385222DF3FA00C833E1 /* SlidingMenuToolbarCell.swift */ = {isa = PBXFileReference; lastKnownFileType = sourcecode.swift; path = SlidingMenuToolbarCell.swift; sourceTree = "<group>"; };
		74B97DD321B9FC23009973A3 /* CDPoint3.swift */ = {isa = PBXFileReference; lastKnownFileType = sourcecode.swift; path = CDPoint3.swift; sourceTree = "<group>"; };
		74BA5CE42183CB640039A2D5 /* NSPersistentContainerExtension.swift */ = {isa = PBXFileReference; lastKnownFileType = sourcecode.swift; path = NSPersistentContainerExtension.swift; sourceTree = "<group>"; };
		74BA5CE72183CD0D0039A2D5 /* Model.xcdatamodel */ = {isa = PBXFileReference; lastKnownFileType = wrapper.xcdatamodel; path = Model.xcdatamodel; sourceTree = "<group>"; };
		74BA5CE92183D1610039A2D5 /* DataSeeder.swift */ = {isa = PBXFileReference; lastKnownFileType = sourcecode.swift; path = DataSeeder.swift; sourceTree = "<group>"; };
		74BA5CEE2183D4A50039A2D5 /* ModuleBlueprint.swift */ = {isa = PBXFileReference; lastKnownFileType = sourcecode.swift; path = ModuleBlueprint.swift; sourceTree = "<group>"; };
		74BA5CF621867F190039A2D5 /* ModuleListViewController.swift */ = {isa = PBXFileReference; fileEncoding = 4; lastKnownFileType = sourcecode.swift; path = ModuleListViewController.swift; sourceTree = "<group>"; };
		74BC2B63225955E4002878A8 /* ShipSceneController.swift */ = {isa = PBXFileReference; lastKnownFileType = sourcecode.swift; path = ShipSceneController.swift; sourceTree = "<group>"; };
		74BC2B86225ACF0C002878A8 /* CrewmanTask.swift */ = {isa = PBXFileReference; lastKnownFileType = sourcecode.swift; path = CrewmanTask.swift; sourceTree = "<group>"; };
		74BC2B88225AD068002878A8 /* CrewmanNeedTask.swift */ = {isa = PBXFileReference; lastKnownFileType = sourcecode.swift; path = CrewmanNeedTask.swift; sourceTree = "<group>"; };
		74BDA04121926F950034DD20 /* CGRectExtensions.swift */ = {isa = PBXFileReference; lastKnownFileType = sourcecode.swift; path = CGRectExtensions.swift; sourceTree = "<group>"; };
		74BDA0432192778E0034DD20 /* CGPointExtensions.swift */ = {isa = PBXFileReference; lastKnownFileType = sourcecode.swift; path = CGPointExtensions.swift; sourceTree = "<group>"; };
		74EE317E21BF2B3E00D4A5FC /* StatsProvider.swift */ = {isa = PBXFileReference; lastKnownFileType = sourcecode.swift; path = StatsProvider.swift; sourceTree = "<group>"; };
		74EE318021BF2D1900D4A5FC /* StatReportingEntity.swift */ = {isa = PBXFileReference; lastKnownFileType = sourcecode.swift; path = StatReportingEntity.swift; sourceTree = "<group>"; };
		74FC7A1421B0C856001B4E83 /* float3Extensions.swift */ = {isa = PBXFileReference; lastKnownFileType = sourcecode.swift; path = float3Extensions.swift; sourceTree = "<group>"; };
		7C886EB8ABAF79B71BDACB79 /* Pods-Carrier Game.debug.xcconfig */ = {isa = PBXFileReference; includeInIndex = 1; lastKnownFileType = text.xcconfig; name = "Pods-Carrier Game.debug.xcconfig"; path = "Pods/Target Support Files/Pods-Carrier Game/Pods-Carrier Game.debug.xcconfig"; sourceTree = "<group>"; };
		C1D105AD9CFC12333219AEE4 /* Pods_Carrier_Game.framework */ = {isa = PBXFileReference; explicitFileType = wrapper.framework; includeInIndex = 0; path = Pods_Carrier_Game.framework; sourceTree = BUILT_PRODUCTS_DIR; };
/* End PBXFileReference section */

/* Begin PBXFrameworksBuildPhase section */
		749CB1362177E7F800949734 /* Frameworks */ = {
			isa = PBXFrameworksBuildPhase;
			buildActionMask = 2147483647;
			files = (
				7727E3B9B88D48C6BC60CABE /* Pods_Carrier_Game.framework in Frameworks */,
			);
			runOnlyForDeploymentPostprocessing = 0;
		};
/* End PBXFrameworksBuildPhase section */

/* Begin PBXGroup section */
		16C1C158367964A69A311F60 /* Frameworks */ = {
			isa = PBXGroup;
			children = (
				C1D105AD9CFC12333219AEE4 /* Pods_Carrier_Game.framework */,
			);
			name = Frameworks;
			sourceTree = "<group>";
		};
		2F923BE58044EE8B7D794DCB /* Pods */ = {
			isa = PBXGroup;
			children = (
				7C886EB8ABAF79B71BDACB79 /* Pods-Carrier Game.debug.xcconfig */,
				5E91DE9759731EDC5892EA1A /* Pods-Carrier Game.release.xcconfig */,
			);
			name = Pods;
			sourceTree = "<group>";
		};
		7415561C21BB3C5E009EA087 /* Protocols */ = {
			isa = PBXGroup;
			children = (
				7415561D21BB3CBC009EA087 /* MovementComponentProtocol.swift */,
			);
			path = Protocols;
			sourceTree = "<group>";
		};
		742C3641219A4D60007FA1B5 /* Entities */ = {
			isa = PBXGroup;
			children = (
				749573B0226E78A200F3F176 /* CrewmanEntity */,
				748AE3222217932A000015E5 /* ModuleEntity */,
				7471650C21AE0D2500F5AA48 /* ShipEntity.swift */,
				7471650E21AE0E1400F5AA48 /* DeckEntity.swift */,
				74EE318021BF2D1900D4A5FC /* StatReportingEntity.swift */,
			);
			path = Entities;
			sourceTree = "<group>";
		};
		742C3644219A4DC0007FA1B5 /* Components */ = {
			isa = PBXGroup;
			children = (
				7415561C21BB3C5E009EA087 /* Protocols */,
				742C3645219A4DE2007FA1B5 /* MovementComponent2D.swift */,
				7426BF0F2254356300E3BED4 /* DeckTextureNodeComponent2D.swift */,
			);
			path = Components;
			sourceTree = "<group>";
		};
		74347BCA2252DB9D000E53E7 /* Nodes */ = {
			isa = PBXGroup;
			children = (
				74347BCB2252DBCB000E53E7 /* ZAccessOverlayNode.swift */,
			);
			path = Nodes;
			sourceTree = "<group>";
		};
		74693C75222C50B900D7E6E7 /* Views */ = {
			isa = PBXGroup;
			children = (
			);
			path = Views;
			sourceTree = "<group>";
		};
		748AE3222217932A000015E5 /* ModuleEntity */ = {
			isa = PBXGroup;
			children = (
				742C3649219A6258007FA1B5 /* ModuleEntity.swift */,
				7426BF0D225430F600E3BED4 /* ModuleEntityNodeComponent2D.swift */,
			);
			path = ModuleEntity;
			sourceTree = "<group>";
		};
		748C49D721E6CBAE004019D4 /* Grid Model */ = {
			isa = PBXGroup;
			children = (
				7415561F21BC6CC3009EA087 /* GKGridGraph3D.swift */,
				748C49D821E6CBCB004019D4 /* GridPoint.swift */,
				748C49DA21E6CCE0004019D4 /* GridPoint3.swift */,
				74612C5021FCE79D00006E15 /* GridRect.swift */,
				748AE3252217A2E5000015E5 /* GridPoint2.swift */,
			);
			path = "Grid Model";
			sourceTree = "<group>";
		};
		749573B0226E78A200F3F176 /* CrewmanEntity */ = {
			isa = PBXGroup;
			children = (
				749573B1226E790B00F3F176 /* Tasks */,
				742C3642219A4D87007FA1B5 /* CrewmanEntity.swift */,
			);
			path = CrewmanEntity;
			sourceTree = "<group>";
		};
		749573B1226E790B00F3F176 /* Tasks */ = {
			isa = PBXGroup;
			children = (
				74BC2B88225AD068002878A8 /* CrewmanNeedTask.swift */,
				74BC2B86225ACF0C002878A8 /* CrewmanTask.swift */,
				749573B4226E80C000F3F176 /* CrewmanJobTask.swift */,
			);
			path = Tasks;
			sourceTree = "<group>";
		};
		749652FB2256DBD500D6FDA5 /* Scenes */ = {
			isa = PBXGroup;
			children = (
				742C363F219A4CAC007FA1B5 /* BaseDeck2DScene.swift */,
				749652FC2256DC0100D6FDA5 /* Deck2DSimulationScene.swift */,
			);
			path = Scenes;
			sourceTree = "<group>";
		};
		749CB1302177E7F800949734 = {
			isa = PBXGroup;
			children = (
				749CB13B2177E7F800949734 /* Carrier Game */,
				749CB13A2177E7F800949734 /* Products */,
				2F923BE58044EE8B7D794DCB /* Pods */,
				16C1C158367964A69A311F60 /* Frameworks */,
			);
			sourceTree = "<group>";
		};
		749CB13A2177E7F800949734 /* Products */ = {
			isa = PBXGroup;
			children = (
				749CB1392177E7F800949734 /* Carrier Game.app */,
			);
			name = Products;
			sourceTree = "<group>";
		};
		749CB13B2177E7F800949734 /* Carrier Game */ = {
			isa = PBXGroup;
			children = (
				74BC2B622259539C002878A8 /* Utility */,
				749652FB2256DBD500D6FDA5 /* Scenes */,
				74347BCA2252DB9D000E53E7 /* Nodes */,
				74693C75222C50B900D7E6E7 /* Views */,
				748C49D721E6CBAE004019D4 /* Grid Model */,
				742C3644219A4DC0007FA1B5 /* Components */,
				742C3641219A4D60007FA1B5 /* Entities */,
				74BA5CF221867CCF0039A2D5 /* View Controllers */,
				74BA5CE32183CB440039A2D5 /* Extensions */,
				74BA5CE02183CAA30039A2D5 /* CoreData */,
				749CB13C2177E7F800949734 /* AppDelegate.swift */,
				749CB13E2177E7F800949734 /* art.scnassets */,
				749CB1402177E7F800949734 /* GameViewController.swift */,
				749CB1452177E7F900949734 /* Assets.xcassets */,
				749CB1472177E7F900949734 /* LaunchScreen.storyboard */,
				749CB14A2177E7F900949734 /* Info.plist */,
				74315D102280FAE300BA6058 /* Configuration.swift */,
			);
			path = "Carrier Game";
			sourceTree = "<group>";
		};
		74B45380222DF23000C833E1 /* SlidingMenuToolbarViewController */ = {
			isa = PBXGroup;
			children = (
				74B45383222DF29F00C833E1 /* SlidingMenuToolbarViewController.swift */,
				74B45385222DF3FA00C833E1 /* SlidingMenuToolbarCell.swift */,
			);
			path = SlidingMenuToolbarViewController;
			sourceTree = "<group>";
		};
		74BA5CE02183CAA30039A2D5 /* CoreData */ = {
			isa = PBXGroup;
			children = (
				74BA5CEB2183D3CF0039A2D5 /* Model */,
				74BA5CE62183CD0D0039A2D5 /* Model.xcdatamodeld */,
				74BA5CE92183D1610039A2D5 /* DataSeeder.swift */,
				74405C75218E476800BA3A69 /* IdentifiableEntity.swift */,
			);
			path = CoreData;
			sourceTree = "<group>";
		};
		74BA5CE32183CB440039A2D5 /* Extensions */ = {
			isa = PBXGroup;
			children = (
				749CB1562177F30B00949734 /* Vector2Extensions.swift */,
				74BA5CE42183CB640039A2D5 /* NSPersistentContainerExtension.swift */,
				74BDA04121926F950034DD20 /* CGRectExtensions.swift */,
				74BDA0432192778E0034DD20 /* CGPointExtensions.swift */,
				74FC7A1421B0C856001B4E83 /* float3Extensions.swift */,
				7415562521BC9F9A009EA087 /* TimeIntervalExtension.swift */,
				743D00352218CEED00AEA5DE /* SKSceneExtension.swift */,
				743D00372218D56C00AEA5DE /* SKNode.swift */,
			);
			path = Extensions;
			sourceTree = "<group>";
		};
		74BA5CEB2183D3CF0039A2D5 /* Model */ = {
			isa = PBXGroup;
			children = (
				74BA5CEE2183D4A50039A2D5 /* ModuleBlueprint.swift */,
				74405C71218E438100BA3A69 /* DeckInstance.swift */,
				74405C73218E44E100BA3A69 /* ModuleInstance.swift */,
				74405C77218E4EF100BA3A69 /* DeckBlueprint.swift */,
				74405C79218E4F9B00BA3A69 /* ShipBlueprint.swift */,
				74405C7B218E516D00BA3A69 /* ShipInstance.swift */,
				74405C7D218E57C300BA3A69 /* ModulePlacement.swift */,
				743152C7219CE50100E3101F /* CrewmanInstance.swift */,
				743152C9219CE58000E3101F /* CrewmanNeed.swift */,
				743152CB219CE67100E3101F /* ModuleJobBlueprint.swift */,
				743152CD219CE6AA00E3101F /* Action.swift */,
				743152D1219CE80E00E3101F /* ModuleNeedBlueprint.swift */,
				743152D3219CF43D00E3101F /* CDPoint2.swift */,
				740FD03521B5FCB400C34FF8 /* ModuleJobInstance.swift */,
				74B97DD321B9FC23009973A3 /* CDPoint3.swift */,
				74612C5421FCE9FD00006E15 /* ModuleEntrance.swift */,
				74612C5821FCF2D500006E15 /* ModuleAttribute.swift */,
				74612C5A21FCFB9C00006E15 /* ModuleEntrance3D.swift */,
			);
			path = Model;
			sourceTree = "<group>";
		};
		74BA5CF221867CCF0039A2D5 /* View Controllers */ = {
			isa = PBXGroup;
			children = (
				74B45380222DF23000C833E1 /* SlidingMenuToolbarViewController */,
				749CB1582177F8C400949734 /* DeckEditingViewController.swift */,
				74BA5CF521867F190039A2D5 /* ModuleListViewController */,
				74048368220919B8002B67BD /* Deck2DViewController.swift */,
				749652F92256DB5200D6FDA5 /* DeckSimulationViewController.swift */,
				74BC2B63225955E4002878A8 /* ShipSceneController.swift */,
			);
			path = "View Controllers";
			sourceTree = "<group>";
		};
		74BA5CF521867F190039A2D5 /* ModuleListViewController */ = {
			isa = PBXGroup;
			children = (
				74BA5CF621867F190039A2D5 /* ModuleListViewController.swift */,
			);
			path = ModuleListViewController;
			sourceTree = "<group>";
		};
		74BC2B622259539C002878A8 /* Utility */ = {
			isa = PBXGroup;
			children = (
				74EE317E21BF2B3E00D4A5FC /* StatsProvider.swift */,
				7415562321BC818B009EA087 /* SceneController.swift */,
			);
			path = Utility;
			sourceTree = "<group>";
		};
/* End PBXGroup section */

/* Begin PBXNativeTarget section */
		749CB1382177E7F800949734 /* Carrier Game */ = {
			isa = PBXNativeTarget;
			buildConfigurationList = 749CB14D2177E7F900949734 /* Build configuration list for PBXNativeTarget "Carrier Game" */;
			buildPhases = (
				2BFAA8C2C7C8F0EE56CAAAF0 /* [CP] Check Pods Manifest.lock */,
				749CB1352177E7F800949734 /* Sources */,
				749CB1362177E7F800949734 /* Frameworks */,
				749CB1372177E7F800949734 /* Resources */,
				72582DFE949303BEFB17A3AB /* [CP] Embed Pods Frameworks */,
			);
			buildRules = (
			);
			dependencies = (
			);
			name = "Carrier Game";
			productName = "Carrier Game";
			productReference = 749CB1392177E7F800949734 /* Carrier Game.app */;
			productType = "com.apple.product-type.application";
		};
/* End PBXNativeTarget section */

/* Begin PBXProject section */
		749CB1312177E7F800949734 /* Project object */ = {
			isa = PBXProject;
			attributes = {
				LastSwiftUpdateCheck = 1000;
				LastUpgradeCheck = 1000;
				ORGANIZATIONNAME = "Sean G Young";
				TargetAttributes = {
					749CB1382177E7F800949734 = {
						CreatedOnToolsVersion = 10.0;
						LastSwiftMigration = 1020;
					};
				};
			};
			buildConfigurationList = 749CB1342177E7F800949734 /* Build configuration list for PBXProject "Carrier Game" */;
			compatibilityVersion = "Xcode 9.3";
			developmentRegion = en;
			hasScannedForEncodings = 0;
			knownRegions = (
				en,
				Base,
			);
			mainGroup = 749CB1302177E7F800949734;
			productRefGroup = 749CB13A2177E7F800949734 /* Products */;
			projectDirPath = "";
			projectRoot = "";
			targets = (
				749CB1382177E7F800949734 /* Carrier Game */,
			);
		};
/* End PBXProject section */

/* Begin PBXResourcesBuildPhase section */
		749CB1372177E7F800949734 /* Resources */ = {
			isa = PBXResourcesBuildPhase;
			buildActionMask = 2147483647;
			files = (
				749CB13F2177E7F800949734 /* art.scnassets in Resources */,
				749CB1492177E7F900949734 /* LaunchScreen.storyboard in Resources */,
				749CB1462177E7F900949734 /* Assets.xcassets in Resources */,
			);
			runOnlyForDeploymentPostprocessing = 0;
		};
/* End PBXResourcesBuildPhase section */

/* Begin PBXShellScriptBuildPhase section */
		2BFAA8C2C7C8F0EE56CAAAF0 /* [CP] Check Pods Manifest.lock */ = {
			isa = PBXShellScriptBuildPhase;
			buildActionMask = 2147483647;
			files = (
			);
			inputPaths = (
				"${PODS_PODFILE_DIR_PATH}/Podfile.lock",
				"${PODS_ROOT}/Manifest.lock",
			);
			name = "[CP] Check Pods Manifest.lock";
			outputPaths = (
				"$(DERIVED_FILE_DIR)/Pods-Carrier Game-checkManifestLockResult.txt",
			);
			runOnlyForDeploymentPostprocessing = 0;
			shellPath = /bin/sh;
			shellScript = "diff \"${PODS_PODFILE_DIR_PATH}/Podfile.lock\" \"${PODS_ROOT}/Manifest.lock\" > /dev/null\nif [ $? != 0 ] ; then\n    # print error to STDERR\n    echo \"error: The sandbox is not in sync with the Podfile.lock. Run 'pod install' or update your CocoaPods installation.\" >&2\n    exit 1\nfi\n# This output is used by Xcode 'outputs' to avoid re-running this script phase.\necho \"SUCCESS\" > \"${SCRIPT_OUTPUT_FILE_0}\"\n";
			showEnvVarsInLog = 0;
		};
		72582DFE949303BEFB17A3AB /* [CP] Embed Pods Frameworks */ = {
			isa = PBXShellScriptBuildPhase;
			buildActionMask = 2147483647;
			files = (
			);
			inputPaths = (
				"${SRCROOT}/Pods/Target Support Files/Pods-Carrier Game/Pods-Carrier Game-frameworks.sh",
				"${BUILT_PRODUCTS_DIR}/SGYSwiftUtility/SGYSwiftUtility.framework",
			);
			name = "[CP] Embed Pods Frameworks";
			outputPaths = (
				"${TARGET_BUILD_DIR}/${FRAMEWORKS_FOLDER_PATH}/SGYSwiftUtility.framework",
			);
			runOnlyForDeploymentPostprocessing = 0;
			shellPath = /bin/sh;
			shellScript = "\"${SRCROOT}/Pods/Target Support Files/Pods-Carrier Game/Pods-Carrier Game-frameworks.sh\"\n";
			showEnvVarsInLog = 0;
		};
/* End PBXShellScriptBuildPhase section */

/* Begin PBXSourcesBuildPhase section */
		749CB1352177E7F800949734 /* Sources */ = {
			isa = PBXSourcesBuildPhase;
			buildActionMask = 2147483647;
			files = (
				74347BCC2252DBCB000E53E7 /* ZAccessOverlayNode.swift in Sources */,
				7415562421BC818C009EA087 /* SceneController.swift in Sources */,
				743152CE219CE6AA00E3101F /* Action.swift in Sources */,
				74612C5521FCE9FD00006E15 /* ModuleEntrance.swift in Sources */,
				74612C5921FCF2D500006E15 /* ModuleAttribute.swift in Sources */,
				742C3643219A4D87007FA1B5 /* CrewmanEntity.swift in Sources */,
				74BC2B64225955E4002878A8 /* ShipSceneController.swift in Sources */,
				7415562021BC6CC3009EA087 /* GKGridGraph3D.swift in Sources */,
				74BDA04221926F950034DD20 /* CGRectExtensions.swift in Sources */,
				743D00382218D56C00AEA5DE /* SKNode.swift in Sources */,
				74BC2B89225AD068002878A8 /* CrewmanNeedTask.swift in Sources */,
				74BA5CEA2183D1610039A2D5 /* DataSeeder.swift in Sources */,
				74B45386222DF3FA00C833E1 /* SlidingMenuToolbarCell.swift in Sources */,
				7415562621BC9F9A009EA087 /* TimeIntervalExtension.swift in Sources */,
				74405C7C218E516D00BA3A69 /* ShipInstance.swift in Sources */,
				74405C7A218E4F9B00BA3A69 /* ShipBlueprint.swift in Sources */,
				74405C7E218E57C300BA3A69 /* ModulePlacement.swift in Sources */,
				743152D2219CE80E00E3101F /* ModuleNeedBlueprint.swift in Sources */,
				74612C5B21FCFB9C00006E15 /* ModuleEntrance3D.swift in Sources */,
				749CB1412177E7F800949734 /* GameViewController.swift in Sources */,
				74B45384222DF29F00C833E1 /* SlidingMenuToolbarViewController.swift in Sources */,
				748C49D921E6CBCB004019D4 /* GridPoint.swift in Sources */,
				7471650F21AE0E1400F5AA48 /* DeckEntity.swift in Sources */,
				74EE318121BF2D1900D4A5FC /* StatReportingEntity.swift in Sources */,
				74EE317F21BF2B3E00D4A5FC /* StatsProvider.swift in Sources */,
				7426BF102254356300E3BED4 /* DeckTextureNodeComponent2D.swift in Sources */,
				749CB1572177F30B00949734 /* Vector2Extensions.swift in Sources */,
				743152C8219CE50100E3101F /* CrewmanInstance.swift in Sources */,
				74BA5CF721867F190039A2D5 /* ModuleListViewController.swift in Sources */,
				742C364A219A6258007FA1B5 /* ModuleEntity.swift in Sources */,
				749573B5226E80C000F3F176 /* CrewmanJobTask.swift in Sources */,
				74405C72218E438200BA3A69 /* DeckInstance.swift in Sources */,
				74BA5CEF2183D4A50039A2D5 /* ModuleBlueprint.swift in Sources */,
				748C49DB21E6CCE0004019D4 /* GridPoint3.swift in Sources */,
				743152D4219CF43D00E3101F /* CDPoint2.swift in Sources */,
				743152CA219CE58000E3101F /* CrewmanNeed.swift in Sources */,
				74405C74218E44E100BA3A69 /* ModuleInstance.swift in Sources */,
				740FD03621B5FCB400C34FF8 /* ModuleJobInstance.swift in Sources */,
				743D00362218CEED00AEA5DE /* SKSceneExtension.swift in Sources */,
				74BA5CE52183CB640039A2D5 /* NSPersistentContainerExtension.swift in Sources */,
				74048369220919B8002B67BD /* Deck2DViewController.swift in Sources */,
				74B97DD421B9FC23009973A3 /* CDPoint3.swift in Sources */,
				74BC2B87225ACF0C002878A8 /* CrewmanTask.swift in Sources */,
				74612C5121FCE79D00006E15 /* GridRect.swift in Sources */,
				74BA5CE82183CD0D0039A2D5 /* Model.xcdatamodeld in Sources */,
				749CB1592177F8C400949734 /* DeckEditingViewController.swift in Sources */,
				743152CC219CE67100E3101F /* ModuleJobBlueprint.swift in Sources */,
				74405C76218E476800BA3A69 /* IdentifiableEntity.swift in Sources */,
				7426BF0E225430F600E3BED4 /* ModuleEntityNodeComponent2D.swift in Sources */,
				7471650D21AE0D2500F5AA48 /* ShipEntity.swift in Sources */,
				74405C78218E4EF100BA3A69 /* DeckBlueprint.swift in Sources */,
				74BDA0442192778E0034DD20 /* CGPointExtensions.swift in Sources */,
				749CB13D2177E7F800949734 /* AppDelegate.swift in Sources */,
				742C3646219A4DE2007FA1B5 /* MovementComponent2D.swift in Sources */,
				749652FA2256DB5200D6FDA5 /* DeckSimulationViewController.swift in Sources */,
				7415561E21BB3CBC009EA087 /* MovementComponentProtocol.swift in Sources */,
				74FC7A1521B0C856001B4E83 /* float3Extensions.swift in Sources */,
				742C3640219A4CAC007FA1B5 /* BaseDeck2DScene.swift in Sources */,
				749652FD2256DC0100D6FDA5 /* Deck2DSimulationScene.swift in Sources */,
				74315D112280FAE300BA6058 /* Configuration.swift in Sources */,
				748AE3262217A2E5000015E5 /* GridPoint2.swift in Sources */,
			);
			runOnlyForDeploymentPostprocessing = 0;
		};
/* End PBXSourcesBuildPhase section */

/* Begin PBXVariantGroup section */
		749CB1472177E7F900949734 /* LaunchScreen.storyboard */ = {
			isa = PBXVariantGroup;
			children = (
				749CB1482177E7F900949734 /* Base */,
			);
			name = LaunchScreen.storyboard;
			sourceTree = "<group>";
		};
/* End PBXVariantGroup section */

/* Begin XCBuildConfiguration section */
		749CB14B2177E7F900949734 /* Debug */ = {
			isa = XCBuildConfiguration;
			buildSettings = {
				ALWAYS_SEARCH_USER_PATHS = NO;
				CLANG_ANALYZER_NONNULL = YES;
				CLANG_ANALYZER_NUMBER_OBJECT_CONVERSION = YES_AGGRESSIVE;
				CLANG_CXX_LANGUAGE_STANDARD = "gnu++14";
				CLANG_CXX_LIBRARY = "libc++";
				CLANG_ENABLE_MODULES = YES;
				CLANG_ENABLE_OBJC_ARC = YES;
				CLANG_ENABLE_OBJC_WEAK = YES;
				CLANG_WARN_BLOCK_CAPTURE_AUTORELEASING = YES;
				CLANG_WARN_BOOL_CONVERSION = YES;
				CLANG_WARN_COMMA = YES;
				CLANG_WARN_CONSTANT_CONVERSION = YES;
				CLANG_WARN_DEPRECATED_OBJC_IMPLEMENTATIONS = YES;
				CLANG_WARN_DIRECT_OBJC_ISA_USAGE = YES_ERROR;
				CLANG_WARN_DOCUMENTATION_COMMENTS = YES;
				CLANG_WARN_EMPTY_BODY = YES;
				CLANG_WARN_ENUM_CONVERSION = YES;
				CLANG_WARN_INFINITE_RECURSION = YES;
				CLANG_WARN_INT_CONVERSION = YES;
				CLANG_WARN_NON_LITERAL_NULL_CONVERSION = YES;
				CLANG_WARN_OBJC_IMPLICIT_RETAIN_SELF = YES;
				CLANG_WARN_OBJC_LITERAL_CONVERSION = YES;
				CLANG_WARN_OBJC_ROOT_CLASS = YES_ERROR;
				CLANG_WARN_RANGE_LOOP_ANALYSIS = YES;
				CLANG_WARN_STRICT_PROTOTYPES = YES;
				CLANG_WARN_SUSPICIOUS_MOVE = YES;
				CLANG_WARN_UNGUARDED_AVAILABILITY = YES_AGGRESSIVE;
				CLANG_WARN_UNREACHABLE_CODE = YES;
				CLANG_WARN__DUPLICATE_METHOD_MATCH = YES;
				CODE_SIGN_IDENTITY = "iPhone Developer";
				COPY_PHASE_STRIP = NO;
				DEBUG_INFORMATION_FORMAT = dwarf;
				ENABLE_STRICT_OBJC_MSGSEND = YES;
				ENABLE_TESTABILITY = YES;
				GCC_C_LANGUAGE_STANDARD = gnu11;
				GCC_DYNAMIC_NO_PIC = NO;
				GCC_NO_COMMON_BLOCKS = YES;
				GCC_OPTIMIZATION_LEVEL = 0;
				GCC_PREPROCESSOR_DEFINITIONS = (
					"DEBUG=1",
					"$(inherited)",
				);
				GCC_WARN_64_TO_32_BIT_CONVERSION = YES;
				GCC_WARN_ABOUT_RETURN_TYPE = YES_ERROR;
				GCC_WARN_UNDECLARED_SELECTOR = YES;
				GCC_WARN_UNINITIALIZED_AUTOS = YES_AGGRESSIVE;
				GCC_WARN_UNUSED_FUNCTION = YES;
				GCC_WARN_UNUSED_VARIABLE = YES;
				IPHONEOS_DEPLOYMENT_TARGET = 12.0;
				MTL_ENABLE_DEBUG_INFO = INCLUDE_SOURCE;
				MTL_FAST_MATH = YES;
				ONLY_ACTIVE_ARCH = YES;
				SDKROOT = iphoneos;
				SWIFT_ACTIVE_COMPILATION_CONDITIONS = DEBUG;
				SWIFT_OPTIMIZATION_LEVEL = "-Onone";
			};
			name = Debug;
		};
		749CB14C2177E7F900949734 /* Release */ = {
			isa = XCBuildConfiguration;
			buildSettings = {
				ALWAYS_SEARCH_USER_PATHS = NO;
				CLANG_ANALYZER_NONNULL = YES;
				CLANG_ANALYZER_NUMBER_OBJECT_CONVERSION = YES_AGGRESSIVE;
				CLANG_CXX_LANGUAGE_STANDARD = "gnu++14";
				CLANG_CXX_LIBRARY = "libc++";
				CLANG_ENABLE_MODULES = YES;
				CLANG_ENABLE_OBJC_ARC = YES;
				CLANG_ENABLE_OBJC_WEAK = YES;
				CLANG_WARN_BLOCK_CAPTURE_AUTORELEASING = YES;
				CLANG_WARN_BOOL_CONVERSION = YES;
				CLANG_WARN_COMMA = YES;
				CLANG_WARN_CONSTANT_CONVERSION = YES;
				CLANG_WARN_DEPRECATED_OBJC_IMPLEMENTATIONS = YES;
				CLANG_WARN_DIRECT_OBJC_ISA_USAGE = YES_ERROR;
				CLANG_WARN_DOCUMENTATION_COMMENTS = YES;
				CLANG_WARN_EMPTY_BODY = YES;
				CLANG_WARN_ENUM_CONVERSION = YES;
				CLANG_WARN_INFINITE_RECURSION = YES;
				CLANG_WARN_INT_CONVERSION = YES;
				CLANG_WARN_NON_LITERAL_NULL_CONVERSION = YES;
				CLANG_WARN_OBJC_IMPLICIT_RETAIN_SELF = YES;
				CLANG_WARN_OBJC_LITERAL_CONVERSION = YES;
				CLANG_WARN_OBJC_ROOT_CLASS = YES_ERROR;
				CLANG_WARN_RANGE_LOOP_ANALYSIS = YES;
				CLANG_WARN_STRICT_PROTOTYPES = YES;
				CLANG_WARN_SUSPICIOUS_MOVE = YES;
				CLANG_WARN_UNGUARDED_AVAILABILITY = YES_AGGRESSIVE;
				CLANG_WARN_UNREACHABLE_CODE = YES;
				CLANG_WARN__DUPLICATE_METHOD_MATCH = YES;
				CODE_SIGN_IDENTITY = "iPhone Developer";
				COPY_PHASE_STRIP = NO;
				DEBUG_INFORMATION_FORMAT = "dwarf-with-dsym";
				ENABLE_NS_ASSERTIONS = NO;
				ENABLE_STRICT_OBJC_MSGSEND = YES;
				GCC_C_LANGUAGE_STANDARD = gnu11;
				GCC_NO_COMMON_BLOCKS = YES;
				GCC_WARN_64_TO_32_BIT_CONVERSION = YES;
				GCC_WARN_ABOUT_RETURN_TYPE = YES_ERROR;
				GCC_WARN_UNDECLARED_SELECTOR = YES;
				GCC_WARN_UNINITIALIZED_AUTOS = YES_AGGRESSIVE;
				GCC_WARN_UNUSED_FUNCTION = YES;
				GCC_WARN_UNUSED_VARIABLE = YES;
				IPHONEOS_DEPLOYMENT_TARGET = 12.0;
				MTL_ENABLE_DEBUG_INFO = NO;
				MTL_FAST_MATH = YES;
				SDKROOT = iphoneos;
				SWIFT_COMPILATION_MODE = wholemodule;
				SWIFT_OPTIMIZATION_LEVEL = "-O";
				VALIDATE_PRODUCT = YES;
			};
			name = Release;
		};
		749CB14E2177E7F900949734 /* Debug */ = {
			isa = XCBuildConfiguration;
			baseConfigurationReference = 7C886EB8ABAF79B71BDACB79 /* Pods-Carrier Game.debug.xcconfig */;
			buildSettings = {
				ASSETCATALOG_COMPILER_APPICON_NAME = AppIcon;
				CODE_SIGN_STYLE = Automatic;
				DEVELOPMENT_TEAM = BC5GKF3W79;
				INFOPLIST_FILE = "Carrier Game/Info.plist";
				LD_RUNPATH_SEARCH_PATHS = (
					"$(inherited)",
					"@executable_path/Frameworks",
				);
				PRODUCT_BUNDLE_IDENTIFIER = "com.sdot.Carrier-Game";
				PRODUCT_NAME = "$(TARGET_NAME)";
				SWIFT_VERSION = 5.0;
				TARGETED_DEVICE_FAMILY = "1,2";
			};
			name = Debug;
		};
		749CB14F2177E7F900949734 /* Release */ = {
			isa = XCBuildConfiguration;
			baseConfigurationReference = 5E91DE9759731EDC5892EA1A /* Pods-Carrier Game.release.xcconfig */;
			buildSettings = {
				ASSETCATALOG_COMPILER_APPICON_NAME = AppIcon;
				CODE_SIGN_STYLE = Automatic;
				DEVELOPMENT_TEAM = BC5GKF3W79;
				INFOPLIST_FILE = "Carrier Game/Info.plist";
				LD_RUNPATH_SEARCH_PATHS = (
					"$(inherited)",
					"@executable_path/Frameworks",
				);
				PRODUCT_BUNDLE_IDENTIFIER = "com.sdot.Carrier-Game";
				PRODUCT_NAME = "$(TARGET_NAME)";
				SWIFT_VERSION = 5.0;
				TARGETED_DEVICE_FAMILY = "1,2";
			};
			name = Release;
		};
/* End XCBuildConfiguration section */

/* Begin XCConfigurationList section */
		749CB1342177E7F800949734 /* Build configuration list for PBXProject "Carrier Game" */ = {
			isa = XCConfigurationList;
			buildConfigurations = (
				749CB14B2177E7F900949734 /* Debug */,
				749CB14C2177E7F900949734 /* Release */,
			);
			defaultConfigurationIsVisible = 0;
			defaultConfigurationName = Release;
		};
		749CB14D2177E7F900949734 /* Build configuration list for PBXNativeTarget "Carrier Game" */ = {
			isa = XCConfigurationList;
			buildConfigurations = (
				749CB14E2177E7F900949734 /* Debug */,
				749CB14F2177E7F900949734 /* Release */,
			);
			defaultConfigurationIsVisible = 0;
			defaultConfigurationName = Release;
		};
/* End XCConfigurationList section */

/* Begin XCVersionGroup section */
		74BA5CE62183CD0D0039A2D5 /* Model.xcdatamodeld */ = {
			isa = XCVersionGroup;
			children = (
				74BA5CE72183CD0D0039A2D5 /* Model.xcdatamodel */,
			);
			currentVersion = 74BA5CE72183CD0D0039A2D5 /* Model.xcdatamodel */;
			path = Model.xcdatamodeld;
			sourceTree = "<group>";
			versionGroupType = wrapper.xcdatamodel;
		};
/* End XCVersionGroup section */
	};
	rootObject = 749CB1312177E7F800949734 /* Project object */;
}
